
Microsoft Visual Studio Solution File, Format Version 12.00
# Visual Studio 15
VisualStudioVersion = 15.0.28306.52
MinimumVisualStudioVersion = 10.0.40219.1
Project("{FAE04EC0-301F-11D3-BF4B-00C04F79EFBC}") = "PropagandaGepezet", "PropagandaGepezet\PropagandaGepezet.csproj", "{DBE6BC3E-4D73-498F-8C84-18904B0DF135}"
EndProject
Global
	GlobalSection(SolutionConfigurationPlatforms) = preSolution
		Debug|Any CPU = Debug|Any CPU
		Release|Any CPU = Release|Any CPU
	EndGlobalSection
	GlobalSection(ProjectConfigurationPlatforms) = postSolution
		{DBE6BC3E-4D73-498F-8C84-18904B0DF135}.Debug|Any CPU.ActiveCfg = Debug|Any CPU
		{DBE6BC3E-4D73-498F-8C84-18904B0DF135}.Debug|Any CPU.Build.0 = Debug|Any CPU
		{DBE6BC3E-4D73-498F-8C84-18904B0DF135}.Release|Any CPU.ActiveCfg = Release|Any CPU
		{DBE6BC3E-4D73-498F-8C84-18904B0DF135}.Release|Any CPU.Build.0 = Release|Any CPU
	EndGlobalSection
	GlobalSection(SolutionProperties) = preSolution
		HideSolutionNode = FALSE
	EndGlobalSection
	GlobalSection(ExtensibilityGlobals) = postSolution
		SolutionGuid = {1AC71B2F-E78A-46E9-8B22-376F7262DE4F}
	EndGlobalSection
EndGlobal
